// !$*UTF8*$!
{
	archiveVersion = 1;
	classes = {
	};
	objectVersion = 55;
	objects = {

/* Begin PBXBuildFile section */
		045B04872784874F00506F6D /* Tests_iOS.swift in Sources */ = {isa = PBXBuildFile; fileRef = 045B04862784874F00506F6D /* Tests_iOS.swift */; };
		045B04892784874F00506F6D /* Tests_iOSLaunchTests.swift in Sources */ = {isa = PBXBuildFile; fileRef = 045B04882784874F00506F6D /* Tests_iOSLaunchTests.swift */; };
		045B04932784874F00506F6D /* Tests_macOS.swift in Sources */ = {isa = PBXBuildFile; fileRef = 045B04922784874F00506F6D /* Tests_macOS.swift */; };
		045B04952784874F00506F6D /* Tests_macOSLaunchTests.swift in Sources */ = {isa = PBXBuildFile; fileRef = 045B04942784874F00506F6D /* Tests_macOSLaunchTests.swift */; };
		045B04962784874F00506F6D /* switf_testApp.swift in Sources */ = {isa = PBXBuildFile; fileRef = 045B046E2784874B00506F6D /* switf_testApp.swift */; };
		045B04972784874F00506F6D /* switf_testApp.swift in Sources */ = {isa = PBXBuildFile; fileRef = 045B046E2784874B00506F6D /* switf_testApp.swift */; };
		045B04982784874F00506F6D /* ContentView.swift in Sources */ = {isa = PBXBuildFile; fileRef = 045B046F2784874B00506F6D /* ContentView.swift */; };
		045B04992784874F00506F6D /* ContentView.swift in Sources */ = {isa = PBXBuildFile; fileRef = 045B046F2784874B00506F6D /* ContentView.swift */; };
		045B049A2784874F00506F6D /* Assets.xcassets in Resources */ = {isa = PBXBuildFile; fileRef = 045B04702784874F00506F6D /* Assets.xcassets */; };
		045B049B2784874F00506F6D /* Assets.xcassets in Resources */ = {isa = PBXBuildFile; fileRef = 045B04702784874F00506F6D /* Assets.xcassets */; };
		045B04AB2784891900506F6D /* uikit_test.swift in Sources */ = {isa = PBXBuildFile; fileRef = 045B04AA2784891900506F6D /* uikit_test.swift */; };
		045B04AC2784891900506F6D /* uikit_test.swift in Sources */ = {isa = PBXBuildFile; fileRef = 045B04AA2784891900506F6D /* uikit_test.swift */; };
/* End PBXBuildFile section */

/* Begin PBXContainerItemProxy section */
		045B04832784874F00506F6D /* PBXContainerItemProxy */ = {
			isa = PBXContainerItemProxy;
			containerPortal = 045B04692784874A00506F6D /* Project object */;
			proxyType = 1;
			remoteGlobalIDString = 045B04742784874F00506F6D;
			remoteInfo = "switf_test (iOS)";
		};
		045B048F2784874F00506F6D /* PBXContainerItemProxy */ = {
			isa = PBXContainerItemProxy;
			containerPortal = 045B04692784874A00506F6D /* Project object */;
			proxyType = 1;
			remoteGlobalIDString = 045B047A2784874F00506F6D;
			remoteInfo = "switf_test (macOS)";
		};
/* End PBXContainerItemProxy section */

/* Begin PBXFileReference section */
		045B046E2784874B00506F6D /* switf_testApp.swift */ = {isa = PBXFileReference; lastKnownFileType = sourcecode.swift; path = switf_testApp.swift; sourceTree = "<group>"; };
		045B046F2784874B00506F6D /* ContentView.swift */ = {isa = PBXFileReference; lastKnownFileType = sourcecode.swift; path = ContentView.swift; sourceTree = "<group>"; };
		045B04702784874F00506F6D /* Assets.xcassets */ = {isa = PBXFileReference; lastKnownFileType = folder.assetcatalog; path = Assets.xcassets; sourceTree = "<group>"; };
		045B04752784874F00506F6D /* switf_test.app */ = {isa = PBXFileReference; explicitFileType = wrapper.application; includeInIndex = 0; path = switf_test.app; sourceTree = BUILT_PRODUCTS_DIR; };
		045B047B2784874F00506F6D /* switf_test.app */ = {isa = PBXFileReference; explicitFileType = wrapper.application; includeInIndex = 0; path = switf_test.app; sourceTree = BUILT_PRODUCTS_DIR; };
		045B047D2784874F00506F6D /* macOS.entitlements */ = {isa = PBXFileReference; lastKnownFileType = text.plist.entitlements; path = macOS.entitlements; sourceTree = "<group>"; };
		045B04822784874F00506F6D /* Tests iOS.xctest */ = {isa = PBXFileReference; explicitFileType = wrapper.cfbundle; includeInIndex = 0; path = "Tests iOS.xctest"; sourceTree = BUILT_PRODUCTS_DIR; };
		045B04862784874F00506F6D /* Tests_iOS.swift */ = {isa = PBXFileReference; lastKnownFileType = sourcecode.swift; path = Tests_iOS.swift; sourceTree = "<group>"; };
		045B04882784874F00506F6D /* Tests_iOSLaunchTests.swift */ = {isa = PBXFileReference; lastKnownFileType = sourcecode.swift; path = Tests_iOSLaunchTests.swift; sourceTree = "<group>"; };
		045B048E2784874F00506F6D /* Tests macOS.xctest */ = {isa = PBXFileReference; explicitFileType = wrapper.cfbundle; includeInIndex = 0; path = "Tests macOS.xctest"; sourceTree = BUILT_PRODUCTS_DIR; };
		045B04922784874F00506F6D /* Tests_macOS.swift */ = {isa = PBXFileReference; lastKnownFileType = sourcecode.swift; path = Tests_macOS.swift; sourceTree = "<group>"; };
		045B04942784874F00506F6D /* Tests_macOSLaunchTests.swift */ = {isa = PBXFileReference; lastKnownFileType = sourcecode.swift; path = Tests_macOSLaunchTests.swift; sourceTree = "<group>"; };
		045B04AA2784891900506F6D /* uikit_test.swift */ = {isa = PBXFileReference; lastKnownFileType = sourcecode.swift; path = uikit_test.swift; sourceTree = "<group>"; };
/* End PBXFileReference section */

/* Begin PBXFrameworksBuildPhase section */
		045B04722784874F00506F6D /* Frameworks */ = {
			isa = PBXFrameworksBuildPhase;
			buildActionMask = 2147483647;
			files = (
			);
			runOnlyForDeploymentPostprocessing = 0;
		};
		045B04782784874F00506F6D /* Frameworks */ = {
			isa = PBXFrameworksBuildPhase;
			buildActionMask = 2147483647;
			files = (
			);
			runOnlyForDeploymentPostprocessing = 0;
		};
		045B047F2784874F00506F6D /* Frameworks */ = {
			isa = PBXFrameworksBuildPhase;
			buildActionMask = 2147483647;
			files = (
			);
			runOnlyForDeploymentPostprocessing = 0;
		};
		045B048B2784874F00506F6D /* Frameworks */ = {
			isa = PBXFrameworksBuildPhase;
			buildActionMask = 2147483647;
			files = (
			);
			runOnlyForDeploymentPostprocessing = 0;
		};
/* End PBXFrameworksBuildPhase section */

/* Begin PBXGroup section */
		045B04682784874A00506F6D = {
			isa = PBXGroup;
			children = (
				045B046D2784874B00506F6D /* Shared */,
				045B047C2784874F00506F6D /* macOS */,
				045B04852784874F00506F6D /* Tests iOS */,
				045B04912784874F00506F6D /* Tests macOS */,
				045B04762784874F00506F6D /* Products */,
			);
			sourceTree = "<group>";
		};
		045B046D2784874B00506F6D /* Shared */ = {
			isa = PBXGroup;
			children = (
				045B046E2784874B00506F6D /* switf_testApp.swift */,
				045B046F2784874B00506F6D /* ContentView.swift */,
				045B04702784874F00506F6D /* Assets.xcassets */,
				045B04AA2784891900506F6D /* uikit_test.swift */,
			);
			path = Shared;
			sourceTree = "<group>";
		};
		045B04762784874F00506F6D /* Products */ = {
			isa = PBXGroup;
			children = (
				045B04752784874F00506F6D /* switf_test.app */,
				045B047B2784874F00506F6D /* switf_test.app */,
				045B04822784874F00506F6D /* Tests iOS.xctest */,
				045B048E2784874F00506F6D /* Tests macOS.xctest */,
			);
			name = Products;
			sourceTree = "<group>";
		};
		045B047C2784874F00506F6D /* macOS */ = {
			isa = PBXGroup;
			children = (
				045B047D2784874F00506F6D /* macOS.entitlements */,
			);
			path = macOS;
			sourceTree = "<group>";
		};
		045B04852784874F00506F6D /* Tests iOS */ = {
			isa = PBXGroup;
			children = (
				045B04862784874F00506F6D /* Tests_iOS.swift */,
				045B04882784874F00506F6D /* Tests_iOSLaunchTests.swift */,
			);
			path = "Tests iOS";
			sourceTree = "<group>";
		};
		045B04912784874F00506F6D /* Tests macOS */ = {
			isa = PBXGroup;
			children = (
				045B04922784874F00506F6D /* Tests_macOS.swift */,
				045B04942784874F00506F6D /* Tests_macOSLaunchTests.swift */,
			);
			path = "Tests macOS";
			sourceTree = "<group>";
		};
/* End PBXGroup section */

/* Begin PBXNativeTarget section */
		045B04742784874F00506F6D /* switf_test (iOS) */ = {
			isa = PBXNativeTarget;
			buildConfigurationList = 045B049E2784874F00506F6D /* Build configuration list for PBXNativeTarget "switf_test (iOS)" */;
			buildPhases = (
				045B04712784874F00506F6D /* Sources */,
				045B04722784874F00506F6D /* Frameworks */,
				045B04732784874F00506F6D /* Resources */,
			);
			buildRules = (
			);
			dependencies = (
			);
			name = "switf_test (iOS)";
			productName = "switf_test (iOS)";
			productReference = 045B04752784874F00506F6D /* switf_test.app */;
			productType = "com.apple.product-type.application";
		};
		045B047A2784874F00506F6D /* switf_test (macOS) */ = {
			isa = PBXNativeTarget;
			buildConfigurationList = 045B04A12784874F00506F6D /* Build configuration list for PBXNativeTarget "switf_test (macOS)" */;
			buildPhases = (
				045B04772784874F00506F6D /* Sources */,
				045B04782784874F00506F6D /* Frameworks */,
				045B04792784874F00506F6D /* Resources */,
			);
			buildRules = (
			);
			dependencies = (
			);
			name = "switf_test (macOS)";
			productName = "switf_test (macOS)";
			productReference = 045B047B2784874F00506F6D /* switf_test.app */;
			productType = "com.apple.product-type.application";
		};
		045B04812784874F00506F6D /* Tests iOS */ = {
			isa = PBXNativeTarget;
			buildConfigurationList = 045B04A42784874F00506F6D /* Build configuration list for PBXNativeTarget "Tests iOS" */;
			buildPhases = (
				045B047E2784874F00506F6D /* Sources */,
				045B047F2784874F00506F6D /* Frameworks */,
				045B04802784874F00506F6D /* Resources */,
			);
			buildRules = (
			);
			dependencies = (
				045B04842784874F00506F6D /* PBXTargetDependency */,
			);
			name = "Tests iOS";
			productName = "Tests iOS";
			productReference = 045B04822784874F00506F6D /* Tests iOS.xctest */;
			productType = "com.apple.product-type.bundle.ui-testing";
		};
		045B048D2784874F00506F6D /* Tests macOS */ = {
			isa = PBXNativeTarget;
			buildConfigurationList = 045B04A72784874F00506F6D /* Build configuration list for PBXNativeTarget "Tests macOS" */;
			buildPhases = (
				045B048A2784874F00506F6D /* Sources */,
				045B048B2784874F00506F6D /* Frameworks */,
				045B048C2784874F00506F6D /* Resources */,
			);
			buildRules = (
			);
			dependencies = (
				045B04902784874F00506F6D /* PBXTargetDependency */,
			);
			name = "Tests macOS";
			productName = "Tests macOS";
			productReference = 045B048E2784874F00506F6D /* Tests macOS.xctest */;
			productType = "com.apple.product-type.bundle.ui-testing";
		};
/* End PBXNativeTarget section */

/* Begin PBXProject section */
		045B04692784874A00506F6D /* Project object */ = {
			isa = PBXProject;
			attributes = {
				BuildIndependentTargetsInParallel = 1;
				LastSwiftUpdateCheck = 1300;
				LastUpgradeCheck = 1300;
				TargetAttributes = {
					045B04742784874F00506F6D = {
						CreatedOnToolsVersion = 13.0;
					};
					045B047A2784874F00506F6D = {
						CreatedOnToolsVersion = 13.0;
					};
					045B04812784874F00506F6D = {
						CreatedOnToolsVersion = 13.0;
						TestTargetID = 045B04742784874F00506F6D;
					};
					045B048D2784874F00506F6D = {
						CreatedOnToolsVersion = 13.0;
						TestTargetID = 045B047A2784874F00506F6D;
					};
				};
			};
			buildConfigurationList = 045B046C2784874A00506F6D /* Build configuration list for PBXProject "switf_test" */;
			compatibilityVersion = "Xcode 13.0";
			developmentRegion = en;
			hasScannedForEncodings = 0;
			knownRegions = (
				en,
				Base,
			);
			mainGroup = 045B04682784874A00506F6D;
			productRefGroup = 045B04762784874F00506F6D /* Products */;
			projectDirPath = "";
			projectRoot = "";
			targets = (
				045B04742784874F00506F6D /* switf_test (iOS) */,
				045B047A2784874F00506F6D /* switf_test (macOS) */,
				045B04812784874F00506F6D /* Tests iOS */,
				045B048D2784874F00506F6D /* Tests macOS */,
			);
		};
/* End PBXProject section */

/* Begin PBXResourcesBuildPhase section */
		045B04732784874F00506F6D /* Resources */ = {
			isa = PBXResourcesBuildPhase;
			buildActionMask = 2147483647;
			files = (
				045B049A2784874F00506F6D /* Assets.xcassets in Resources */,
			);
			runOnlyForDeploymentPostprocessing = 0;
		};
		045B04792784874F00506F6D /* Resources */ = {
			isa = PBXResourcesBuildPhase;
			buildActionMask = 2147483647;
			files = (
				045B049B2784874F00506F6D /* Assets.xcassets in Resources */,
			);
			runOnlyForDeploymentPostprocessing = 0;
		};
		045B04802784874F00506F6D /* Resources */ = {
			isa = PBXResourcesBuildPhase;
			buildActionMask = 2147483647;
			files = (
			);
			runOnlyForDeploymentPostprocessing = 0;
		};
		045B048C2784874F00506F6D /* Resources */ = {
			isa = PBXResourcesBuildPhase;
			buildActionMask = 2147483647;
			files = (
			);
			runOnlyForDeploymentPostprocessing = 0;
		};
/* End PBXResourcesBuildPhase section */

/* Begin PBXSourcesBuildPhase section */
		045B04712784874F00506F6D /* Sources */ = {
			isa = PBXSourcesBuildPhase;
			buildActionMask = 2147483647;
			files = (
				045B04982784874F00506F6D /* ContentView.swift in Sources */,
				045B04AB2784891900506F6D /* uikit_test.swift in Sources */,
				045B04962784874F00506F6D /* switf_testApp.swift in Sources */,
			);
			runOnlyForDeploymentPostprocessing = 0;
		};
		045B04772784874F00506F6D /* Sources */ = {
			isa = PBXSourcesBuildPhase;
			buildActionMask = 2147483647;
			files = (
				045B04992784874F00506F6D /* ContentView.swift in Sources */,
				045B04AC2784891900506F6D /* uikit_test.swift in Sources */,
				045B04972784874F00506F6D /* switf_testApp.swift in Sources */,
			);
			runOnlyForDeploymentPostprocessing = 0;
		};
		045B047E2784874F00506F6D /* Sources */ = {
			isa = PBXSourcesBuildPhase;
			buildActionMask = 2147483647;
			files = (
				045B04892784874F00506F6D /* Tests_iOSLaunchTests.swift in Sources */,
				045B04872784874F00506F6D /* Tests_iOS.swift in Sources */,
			);
			runOnlyForDeploymentPostprocessing = 0;
		};
		045B048A2784874F00506F6D /* Sources */ = {
			isa = PBXSourcesBuildPhase;
			buildActionMask = 2147483647;
			files = (
				045B04952784874F00506F6D /* Tests_macOSLaunchTests.swift in Sources */,
				045B04932784874F00506F6D /* Tests_macOS.swift in Sources */,
			);
			runOnlyForDeploymentPostprocessing = 0;
		};
/* End PBXSourcesBuildPhase section */

/* Begin PBXTargetDependency section */
		045B04842784874F00506F6D /* PBXTargetDependency */ = {
			isa = PBXTargetDependency;
			target = 045B04742784874F00506F6D /* switf_test (iOS) */;
			targetProxy = 045B04832784874F00506F6D /* PBXContainerItemProxy */;
		};
		045B04902784874F00506F6D /* PBXTargetDependency */ = {
			isa = PBXTargetDependency;
			target = 045B047A2784874F00506F6D /* switf_test (macOS) */;
			targetProxy = 045B048F2784874F00506F6D /* PBXContainerItemProxy */;
		};
/* End PBXTargetDependency section */

/* Begin XCBuildConfiguration section */
		045B049C2784874F00506F6D /* Debug */ = {
			isa = XCBuildConfiguration;
			buildSettings = {
				ALWAYS_SEARCH_USER_PATHS = NO;
				CLANG_ANALYZER_NONNULL = YES;
				CLANG_ANALYZER_NUMBER_OBJECT_CONVERSION = YES_AGGRESSIVE;
				CLANG_CXX_LANGUAGE_STANDARD = "gnu++17";
				CLANG_CXX_LIBRARY = "libc++";
				CLANG_ENABLE_MODULES = YES;
				CLANG_ENABLE_OBJC_ARC = YES;
				CLANG_ENABLE_OBJC_WEAK = YES;
				CLANG_WARN_BLOCK_CAPTURE_AUTORELEASING = YES;
				CLANG_WARN_BOOL_CONVERSION = YES;
				CLANG_WARN_COMMA = YES;
				CLANG_WARN_CONSTANT_CONVERSION = YES;
				CLANG_WARN_DEPRECATED_OBJC_IMPLEMENTATIONS = YES;
				CLANG_WARN_DIRECT_OBJC_ISA_USAGE = YES_ERROR;
				CLANG_WARN_DOCUMENTATION_COMMENTS = YES;
				CLANG_WARN_EMPTY_BODY = YES;
				CLANG_WARN_ENUM_CONVERSION = YES;
				CLANG_WARN_INFINITE_RECURSION = YES;
				CLANG_WARN_INT_CONVERSION = YES;
				CLANG_WARN_NON_LITERAL_NULL_CONVERSION = YES;
				CLANG_WARN_OBJC_IMPLICIT_RETAIN_SELF = YES;
				CLANG_WARN_OBJC_LITERAL_CONVERSION = YES;
				CLANG_WARN_OBJC_ROOT_CLASS = YES_ERROR;
				CLANG_WARN_QUOTED_INCLUDE_IN_FRAMEWORK_HEADER = YES;
				CLANG_WARN_RANGE_LOOP_ANALYSIS = YES;
				CLANG_WARN_STRICT_PROTOTYPES = YES;
				CLANG_WARN_SUSPICIOUS_MOVE = YES;
				CLANG_WARN_UNGUARDED_AVAILABILITY = YES_AGGRESSIVE;
				CLANG_WARN_UNREACHABLE_CODE = YES;
				CLANG_WARN__DUPLICATE_METHOD_MATCH = YES;
				COPY_PHASE_STRIP = NO;
				DEBUG_INFORMATION_FORMAT = dwarf;
				ENABLE_STRICT_OBJC_MSGSEND = YES;
				ENABLE_TESTABILITY = YES;
				GCC_C_LANGUAGE_STANDARD = gnu11;
				GCC_DYNAMIC_NO_PIC = NO;
				GCC_NO_COMMON_BLOCKS = YES;
				GCC_OPTIMIZATION_LEVEL = 0;
				GCC_PREPROCESSOR_DEFINITIONS = (
					"DEBUG=1",
					"$(inherited)",
				);
				GCC_WARN_64_TO_32_BIT_CONVERSION = YES;
				GCC_WARN_ABOUT_RETURN_TYPE = YES_ERROR;
				GCC_WARN_UNDECLARED_SELECTOR = YES;
				GCC_WARN_UNINITIALIZED_AUTOS = YES_AGGRESSIVE;
				GCC_WARN_UNUSED_FUNCTION = YES;
				GCC_WARN_UNUSED_VARIABLE = YES;
				MTL_ENABLE_DEBUG_INFO = INCLUDE_SOURCE;
				MTL_FAST_MATH = YES;
				ONLY_ACTIVE_ARCH = YES;
				SWIFT_ACTIVE_COMPILATION_CONDITIONS = DEBUG;
				SWIFT_OPTIMIZATION_LEVEL = "-Onone";
			};
			name = Debug;
		};
		045B049D2784874F00506F6D /* Release */ = {
			isa = XCBuildConfiguration;
			buildSettings = {
				ALWAYS_SEARCH_USER_PATHS = NO;
				CLANG_ANALYZER_NONNULL = YES;
				CLANG_ANALYZER_NUMBER_OBJECT_CONVERSION = YES_AGGRESSIVE;
				CLANG_CXX_LANGUAGE_STANDARD = "gnu++17";
				CLANG_CXX_LIBRARY = "libc++";
				CLANG_ENABLE_MODULES = YES;
				CLANG_ENABLE_OBJC_ARC = YES;
				CLANG_ENABLE_OBJC_WEAK = YES;
				CLANG_WARN_BLOCK_CAPTURE_AUTORELEASING = YES;
				CLANG_WARN_BOOL_CONVERSION = YES;
				CLANG_WARN_COMMA = YES;
				CLANG_WARN_CONSTANT_CONVERSION = YES;
				CLANG_WARN_DEPRECATED_OBJC_IMPLEMENTATIONS = YES;
				CLANG_WARN_DIRECT_OBJC_ISA_USAGE = YES_ERROR;
				CLANG_WARN_DOCUMENTATION_COMMENTS = YES;
				CLANG_WARN_EMPTY_BODY = YES;
				CLANG_WARN_ENUM_CONVERSION = YES;
				CLANG_WARN_INFINITE_RECURSION = YES;
				CLANG_WARN_INT_CONVERSION = YES;
				CLANG_WARN_NON_LITERAL_NULL_CONVERSION = YES;
				CLANG_WARN_OBJC_IMPLICIT_RETAIN_SELF = YES;
				CLANG_WARN_OBJC_LITERAL_CONVERSION = YES;
				CLANG_WARN_OBJC_ROOT_CLASS = YES_ERROR;
				CLANG_WARN_QUOTED_INCLUDE_IN_FRAMEWORK_HEADER = YES;
				CLANG_WARN_RANGE_LOOP_ANALYSIS = YES;
				CLANG_WARN_STRICT_PROTOTYPES = YES;
				CLANG_WARN_SUSPICIOUS_MOVE = YES;
				CLANG_WARN_UNGUARDED_AVAILABILITY = YES_AGGRESSIVE;
				CLANG_WARN_UNREACHABLE_CODE = YES;
				CLANG_WARN__DUPLICATE_METHOD_MATCH = YES;
				COPY_PHASE_STRIP = NO;
				DEBUG_INFORMATION_FORMAT = "dwarf-with-dsym";
				ENABLE_NS_ASSERTIONS = NO;
				ENABLE_STRICT_OBJC_MSGSEND = YES;
				GCC_C_LANGUAGE_STANDARD = gnu11;
				GCC_NO_COMMON_BLOCKS = YES;
				GCC_WARN_64_TO_32_BIT_CONVERSION = YES;
				GCC_WARN_ABOUT_RETURN_TYPE = YES_ERROR;
				GCC_WARN_UNDECLARED_SELECTOR = YES;
				GCC_WARN_UNINITIALIZED_AUTOS = YES_AGGRESSIVE;
				GCC_WARN_UNUSED_FUNCTION = YES;
				GCC_WARN_UNUSED_VARIABLE = YES;
				MTL_ENABLE_DEBUG_INFO = NO;
				MTL_FAST_MATH = YES;
				SWIFT_COMPILATION_MODE = wholemodule;
				SWIFT_OPTIMIZATION_LEVEL = "-O";
			};
			name = Release;
		};
		045B049F2784874F00506F6D /* Debug */ = {
			isa = XCBuildConfiguration;
			buildSettings = {
				ASSETCATALOG_COMPILER_APPICON_NAME = AppIcon;
				ASSETCATALOG_COMPILER_GLOBAL_ACCENT_COLOR_NAME = AccentColor;
				CODE_SIGN_STYLE = Automatic;
				CURRENT_PROJECT_VERSION = 1;
				DEVELOPMENT_TEAM = VVHQFY7QV6;
				ENABLE_PREVIEWS = YES;
				GENERATE_INFOPLIST_FILE = YES;
				INFOPLIST_KEY_UIApplicationSceneManifest_Generation = YES;
				INFOPLIST_KEY_UIApplicationSupportsIndirectInputEvents = YES;
				INFOPLIST_KEY_UILaunchScreen_Generation = YES;
				INFOPLIST_KEY_UISupportedInterfaceOrientations_iPad = "UIInterfaceOrientationPortrait UIInterfaceOrientationPortraitUpsideDown UIInterfaceOrientationLandscapeLeft UIInterfaceOrientationLandscapeRight";
				INFOPLIST_KEY_UISupportedInterfaceOrientations_iPhone = "UIInterfaceOrientationPortrait UIInterfaceOrientationLandscapeLeft UIInterfaceOrientationLandscapeRight";
				IPHONEOS_DEPLOYMENT_TARGET = 14.0;
				LD_RUNPATH_SEARCH_PATHS = (
					"$(inherited)",
					"@executable_path/Frameworks",
				);
				MARKETING_VERSION = 1.0;
				PRODUCT_BUNDLE_IDENTIFIER = "kor.switf-test";
				PRODUCT_NAME = switf_test;
				SDKROOT = iphoneos;
				SWIFT_EMIT_LOC_STRINGS = YES;
				SWIFT_VERSION = 5.0;
				TARGETED_DEVICE_FAMILY = "1,2";
			};
			name = Debug;
		};
		045B04A02784874F00506F6D /* Release */ = {
			isa = XCBuildConfiguration;
			buildSettings = {
				ASSETCATALOG_COMPILER_APPICON_NAME = AppIcon;
				ASSETCATALOG_COMPILER_GLOBAL_ACCENT_COLOR_NAME = AccentColor;
				CODE_SIGN_STYLE = Automatic;
				CURRENT_PROJECT_VERSION = 1;
				DEVELOPMENT_TEAM = VVHQFY7QV6;
				ENABLE_PREVIEWS = YES;
				GENERATE_INFOPLIST_FILE = YES;
				INFOPLIST_KEY_UIApplicationSceneManifest_Generation = YES;
				INFOPLIST_KEY_UIApplicationSupportsIndirectInputEvents = YES;
				INFOPLIST_KEY_UILaunchScreen_Generation = YES;
				INFOPLIST_KEY_UISupportedInterfaceOrientations_iPad = "UIInterfaceOrientationPortrait UIInterfaceOrientationPortraitUpsideDown UIInterfaceOrientationLandscapeLeft UIInterfaceOrientationLandscapeRight";
				INFOPLIST_KEY_UISupportedInterfaceOrientations_iPhone = "UIInterfaceOrientationPortrait UIInterfaceOrientationLandscapeLeft UIInterfaceOrientationLandscapeRight";
				IPHONEOS_DEPLOYMENT_TARGET = 14.0;
				LD_RUNPATH_SEARCH_PATHS = (
					"$(inherited)",
					"@executable_path/Frameworks",
				);
				MARKETING_VERSION = 1.0;
				PRODUCT_BUNDLE_IDENTIFIER = "kor.switf-test";
				PRODUCT_NAME = switf_test;
				SDKROOT = iphoneos;
				SWIFT_EMIT_LOC_STRINGS = YES;
				SWIFT_VERSION = 5.0;
				TARGETED_DEVICE_FAMILY = "1,2";
				VALIDATE_PRODUCT = YES;
			};
			name = Release;
		};
		045B04A22784874F00506F6D /* Debug */ = {
			isa = XCBuildConfiguration;
			buildSettings = {
				ASSETCATALOG_COMPILER_APPICON_NAME = AppIcon;
				ASSETCATALOG_COMPILER_GLOBAL_ACCENT_COLOR_NAME = AccentColor;
				CODE_SIGN_ENTITLEMENTS = macOS/macOS.entitlements;
				CODE_SIGN_STYLE = Automatic;
				COMBINE_HIDPI_IMAGES = YES;
				CURRENT_PROJECT_VERSION = 1;
				DEVELOPMENT_TEAM = VVHQFY7QV6;
				ENABLE_HARDENED_RUNTIME = YES;
				ENABLE_PREVIEWS = YES;
				GENERATE_INFOPLIST_FILE = YES;
				INFOPLIST_KEY_NSHumanReadableCopyright = "";
				LD_RUNPATH_SEARCH_PATHS = (
					"$(inherited)",
					"@executable_path/../Frameworks",
				);
				MACOSX_DEPLOYMENT_TARGET = 11.0;
				MARKETING_VERSION = 1.0;
				PRODUCT_BUNDLE_IDENTIFIER = "kor.switf-test";
				PRODUCT_NAME = switf_test;
				SDKROOT = macosx;
				SWIFT_EMIT_LOC_STRINGS = YES;
				SWIFT_VERSION = 5.0;
			};
			name = Debug;
		};
		045B04A32784874F00506F6D /* Release */ = {
			isa = XCBuildConfiguration;
			buildSettings = {
				ASSETCATALOG_COMPILER_APPICON_NAME = AppIcon;
				ASSETCATALOG_COMPILER_GLOBAL_ACCENT_COLOR_NAME = AccentColor;
				CODE_SIGN_ENTITLEMENTS = macOS/macOS.entitlements;
				CODE_SIGN_STYLE = Automatic;
				COMBINE_HIDPI_IMAGES = YES;
				CURRENT_PROJECT_VERSION = 1;
				DEVELOPMENT_TEAM = VVHQFY7QV6;
				ENABLE_HARDENED_RUNTIME = YES;
				ENABLE_PREVIEWS = YES;
				GENERATE_INFOPLIST_FILE = YES;
				INFOPLIST_KEY_NSHumanReadableCopyright = "";
				LD_RUNPATH_SEARCH_PATHS = (
					"$(inherited)",
					"@executable_path/../Frameworks",
				);
				MACOSX_DEPLOYMENT_TARGET = 11.0;
				MARKETING_VERSION = 1.0;
				PRODUCT_BUNDLE_IDENTIFIER = "kor.switf-test";
				PRODUCT_NAME = switf_test;
				SDKROOT = macosx;
				SWIFT_EMIT_LOC_STRINGS = YES;
				SWIFT_VERSION = 5.0;
			};
			name = Release;
		};
		045B04A52784874F00506F6D /* Debug */ = {
			isa = XCBuildConfiguration;
			buildSettings = {
				ALWAYS_EMBED_SWIFT_STANDARD_LIBRARIES = YES;
				CODE_SIGN_STYLE = Automatic;
				CURRENT_PROJECT_VERSION = 1;
				DEVELOPMENT_TEAM = VVHQFY7QV6;
				GENERATE_INFOPLIST_FILE = YES;
				IPHONEOS_DEPLOYMENT_TARGET = 15.0;
				LD_RUNPATH_SEARCH_PATHS = (
					"$(inherited)",
					"@executable_path/Frameworks",
					"@loader_path/Frameworks",
				);
				MARKETING_VERSION = 1.0;
				PRODUCT_BUNDLE_IDENTIFIER = "kor.Tests-iOS";
				PRODUCT_NAME = "$(TARGET_NAME)";
				SDKROOT = iphoneos;
				SWIFT_EMIT_LOC_STRINGS = NO;
				SWIFT_VERSION = 5.0;
				TARGETED_DEVICE_FAMILY = "1,2";
				TEST_TARGET_NAME = "switf_test (iOS)";
			};
			name = Debug;
		};
		045B04A62784874F00506F6D /* Release */ = {
			isa = XCBuildConfiguration;
			buildSettings = {
				ALWAYS_EMBED_SWIFT_STANDARD_LIBRARIES = YES;
				CODE_SIGN_STYLE = Automatic;
				CURRENT_PROJECT_VERSION = 1;
				DEVELOPMENT_TEAM = VVHQFY7QV6;
				GENERATE_INFOPLIST_FILE = YES;
				IPHONEOS_DEPLOYMENT_TARGET = 15.0;
				LD_RUNPATH_SEARCH_PATHS = (
					"$(inherited)",
					"@executable_path/Frameworks",
					"@loader_path/Frameworks",
				);
				MARKETING_VERSION = 1.0;
				PRODUCT_BUNDLE_IDENTIFIER = "kor.Tests-iOS";
				PRODUCT_NAME = "$(TARGET_NAME)";
				SDKROOT = iphoneos;
				SWIFT_EMIT_LOC_STRINGS = NO;
				SWIFT_VERSION = 5.0;
				TARGETED_DEVICE_FAMILY = "1,2";
				TEST_TARGET_NAME = "switf_test (iOS)";
				VALIDATE_PRODUCT = YES;
			};
			name = Release;
		};
		045B04A82784874F00506F6D /* Debug */ = {
			isa = XCBuildConfiguration;
			buildSettings = {
				ALWAYS_EMBED_SWIFT_STANDARD_LIBRARIES = YES;
				CODE_SIGN_STYLE = Automatic;
				COMBINE_HIDPI_IMAGES = YES;
				CURRENT_PROJECT_VERSION = 1;
				DEVELOPMENT_TEAM = VVHQFY7QV6;
				GENERATE_INFOPLIST_FILE = YES;
				LD_RUNPATH_SEARCH_PATHS = (
					"$(inherited)",
					"@executable_path/../Frameworks",
					"@loader_path/../Frameworks",
				);
				MACOSX_DEPLOYMENT_TARGET = 11.3;
				MARKETING_VERSION = 1.0;
				PRODUCT_BUNDLE_IDENTIFIER = "kor.Tests-macOS";
				PRODUCT_NAME = "$(TARGET_NAME)";
				SDKROOT = macosx;
				SWIFT_EMIT_LOC_STRINGS = NO;
				SWIFT_VERSION = 5.0;
				TEST_TARGET_NAME = "switf_test (macOS)";
			};
			name = Debug;
		};
		045B04A92784874F00506F6D /* Release */ = {
			isa = XCBuildConfiguration;
			buildSettings = {
				ALWAYS_EMBED_SWIFT_STANDARD_LIBRARIES = YES;
				CODE_SIGN_STYLE = Automatic;
				COMBINE_HIDPI_IMAGES = YES;
				CURRENT_PROJECT_VERSION = 1;
				DEVELOPMENT_TEAM = VVHQFY7QV6;
				GENERATE_INFOPLIST_FILE = YES;
				LD_RUNPATH_SEARCH_PATHS = (
					"$(inherited)",
					"@executable_path/../Frameworks",
					"@loader_path/../Frameworks",
				);
				MACOSX_DEPLOYMENT_TARGET = 11.3;
				MARKETING_VERSION = 1.0;
				PRODUCT_BUNDLE_IDENTIFIER = "kor.Tests-macOS";
				PRODUCT_NAME = "$(TARGET_NAME)";
				SDKROOT = macosx;
				SWIFT_EMIT_LOC_STRINGS = NO;
				SWIFT_VERSION = 5.0;
				TEST_TARGET_NAME = "switf_test (macOS)";
			};
			name = Release;
		};
/* End XCBuildConfiguration section */

/* Begin XCConfigurationList section */
		045B046C2784874A00506F6D /* Build configuration list for PBXProject "switf_test" */ = {
			isa = XCConfigurationList;
			buildConfigurations = (
				045B049C2784874F00506F6D /* Debug */,
				045B049D2784874F00506F6D /* Release */,
			);
			defaultConfigurationIsVisible = 0;
			defaultConfigurationName = Release;
		};
		045B049E2784874F00506F6D /* Build configuration list for PBXNativeTarget "switf_test (iOS)" */ = {
			isa = XCConfigurationList;
			buildConfigurations = (
				045B049F2784874F00506F6D /* Debug */,
				045B04A02784874F00506F6D /* Release */,
			);
			defaultConfigurationIsVisible = 0;
			defaultConfigurationName = Release;
		};
		045B04A12784874F00506F6D /* Build configuration list for PBXNativeTarget "switf_test (macOS)" */ = {
			isa = XCConfigurationList;
			buildConfigurations = (
				045B04A22784874F00506F6D /* Debug */,
				045B04A32784874F00506F6D /* Release */,
			);
			defaultConfigurationIsVisible = 0;
			defaultConfigurationName = Release;
		};
		045B04A42784874F00506F6D /* Build configuration list for PBXNativeTarget "Tests iOS" */ = {
			isa = XCConfigurationList;
			buildConfigurations = (
				045B04A52784874F00506F6D /* Debug */,
				045B04A62784874F00506F6D /* Release */,
			);
			defaultConfigurationIsVisible = 0;
			defaultConfigurationName = Release;
		};
		045B04A72784874F00506F6D /* Build configuration list for PBXNativeTarget "Tests macOS" */ = {
			isa = XCConfigurationList;
			buildConfigurations = (
				045B04A82784874F00506F6D /* Debug */,
				045B04A92784874F00506F6D /* Release */,
			);
			defaultConfigurationIsVisible = 0;
			defaultConfigurationName = Release;
		};
/* End XCConfigurationList section */
	};
	rootObject = 045B04692784874A00506F6D /* Project object */;
}
